
Microsoft Visual Studio Solution File, Format Version 12.00
# Visual Studio Version 16
VisualStudioVersion = 16.0.30011.22
MinimumVisualStudioVersion = 10.0.40219.1
Project("{FAE04EC0-301F-11D3-BF4B-00C04F79EFBC}") = "CIS479_P2", "CIS479_P2\CIS479_P2.csproj", "{1EB3447B-33EF-4CE4-AD0B-6B1CA3A7F012}"
EndProject
Global
	GlobalSection(SolutionConfigurationPlatforms) = preSolution
		Debug|Any CPU = Debug|Any CPU
		Release|Any CPU = Release|Any CPU
	EndGlobalSection
	GlobalSection(ProjectConfigurationPlatforms) = postSolution
		{1EB3447B-33EF-4CE4-AD0B-6B1CA3A7F012}.Debug|Any CPU.ActiveCfg = Debug|Any CPU
		{1EB3447B-33EF-4CE4-AD0B-6B1CA3A7F012}.Debug|Any CPU.Build.0 = Debug|Any CPU
		{1EB3447B-33EF-4CE4-AD0B-6B1CA3A7F012}.Release|Any CPU.ActiveCfg = Release|Any CPU
		{1EB3447B-33EF-4CE4-AD0B-6B1CA3A7F012}.Release|Any CPU.Build.0 = Release|Any CPU
	EndGlobalSection
	GlobalSection(SolutionProperties) = preSolution
		HideSolutionNode = FALSE
	EndGlobalSection
	GlobalSection(ExtensibilityGlobals) = postSolution
		SolutionGuid = {7E5DD716-CB9C-4FBA-8D5C-AC8714ADFB01}
	EndGlobalSection
EndGlobal
